
Microsoft Visual Studio Solution File, Format Version 12.00
# Visual Studio Version 17
VisualStudioVersion = 17.10.35013.160
MinimumVisualStudioVersion = 10.0.40219.1
Project("{8BC9CEB8-8B4A-11D0-8D11-00A0C91BC942}") = "arch project", "arch project\arch project.vcxproj", "{7A87A346-1EA4-4C8B-AE22-D3CF8993C650}"
EndProject
Global
	GlobalSection(SolutionConfigurationPlatforms) = preSolution
		Debug|x64 = Debug|x64
		Debug|x86 = Debug|x86
		example|x64 = example|x64
		example|x86 = example|x86
		Release|x64 = Release|x64
		Release|x86 = Release|x86
	EndGlobalSection
	GlobalSection(ProjectConfigurationPlatforms) = postSolution
		{7A87A346-1EA4-4C8B-AE22-D3CF8993C650}.Debug|x64.ActiveCfg = Debug|x64
		{7A87A346-1EA4-4C8B-AE22-D3CF8993C650}.Debug|x64.Build.0 = Debug|x64
		{7A87A346-1EA4-4C8B-AE22-D3CF8993C650}.Debug|x86.ActiveCfg = Debug|Win32
		{7A87A346-1EA4-4C8B-AE22-D3CF8993C650}.Debug|x86.Build.0 = Debug|Win32
		{7A87A346-1EA4-4C8B-AE22-D3CF8993C650}.example|x64.ActiveCfg = example|x64
		{7A87A346-1EA4-4C8B-AE22-D3CF8993C650}.example|x64.Build.0 = example|x64
		{7A87A346-1EA4-4C8B-AE22-D3CF8993C650}.example|x86.ActiveCfg = example|Win32
		{7A87A346-1EA4-4C8B-AE22-D3CF8993C650}.example|x86.Build.0 = example|Win32
		{7A87A346-1EA4-4C8B-AE22-D3CF8993C650}.Release|x64.ActiveCfg = Release|x64
		{7A87A346-1EA4-4C8B-AE22-D3CF8993C650}.Release|x64.Build.0 = Release|x64
		{7A87A346-1EA4-4C8B-AE22-D3CF8993C650}.Release|x86.ActiveCfg = Release|Win32
		{7A87A346-1EA4-4C8B-AE22-D3CF8993C650}.Release|x86.Build.0 = Release|Win32
	EndGlobalSection
	GlobalSection(SolutionProperties) = preSolution
		HideSolutionNode = FALSE
	EndGlobalSection
	GlobalSection(ExtensibilityGlobals) = postSolution
		SolutionGuid = {440741EF-9E67-4FF5-94C0-06324E9F52A8}
	EndGlobalSection
EndGlobal
